
Microsoft Visual Studio Solution File, Format Version 12.00
# Visual Studio 15
VisualStudioVersion = 15.0.26124.0
MinimumVisualStudioVersion = 15.0.26124.0
Project("{FAE04EC0-301F-11D3-BF4B-00C04F79EFBC}") = "Domain", "Domain\Domain.csproj", "{32406418-953A-41BB-BB96-892C9DCE9970}"
EndProject
Project("{FAE04EC0-301F-11D3-BF4B-00C04F79EFBC}") = "Application", "Application\Application.csproj", "{F0210FE0-4E3C-4858-9928-EB2424127D09}"
EndProject
Project("{FAE04EC0-301F-11D3-BF4B-00C04F79EFBC}") = "Persistence", "Persistence\Persistence.csproj", "{E68446D2-C696-4074-9296-65AD299D3F7A}"
EndProject
Project("{FAE04EC0-301F-11D3-BF4B-00C04F79EFBC}") = "API", "API\API.csproj", "{1163B0E1-4FD1-463F-A8F8-5AEF43C20C84}"
EndProject
Global
	GlobalSection(SolutionConfigurationPlatforms) = preSolution
		Debug|Any CPU = Debug|Any CPU
		Debug|x64 = Debug|x64
		Debug|x86 = Debug|x86
		Release|Any CPU = Release|Any CPU
		Release|x64 = Release|x64
		Release|x86 = Release|x86
	EndGlobalSection
	GlobalSection(SolutionProperties) = preSolution
		HideSolutionNode = FALSE
	EndGlobalSection
	GlobalSection(ProjectConfigurationPlatforms) = postSolution
		{32406418-953A-41BB-BB96-892C9DCE9970}.Debug|Any CPU.ActiveCfg = Debug|Any CPU
		{32406418-953A-41BB-BB96-892C9DCE9970}.Debug|Any CPU.Build.0 = Debug|Any CPU
		{32406418-953A-41BB-BB96-892C9DCE9970}.Debug|x64.ActiveCfg = Debug|Any CPU
		{32406418-953A-41BB-BB96-892C9DCE9970}.Debug|x64.Build.0 = Debug|Any CPU
		{32406418-953A-41BB-BB96-892C9DCE9970}.Debug|x86.ActiveCfg = Debug|Any CPU
		{32406418-953A-41BB-BB96-892C9DCE9970}.Debug|x86.Build.0 = Debug|Any CPU
		{32406418-953A-41BB-BB96-892C9DCE9970}.Release|Any CPU.ActiveCfg = Release|Any CPU
		{32406418-953A-41BB-BB96-892C9DCE9970}.Release|Any CPU.Build.0 = Release|Any CPU
		{32406418-953A-41BB-BB96-892C9DCE9970}.Release|x64.ActiveCfg = Release|Any CPU
		{32406418-953A-41BB-BB96-892C9DCE9970}.Release|x64.Build.0 = Release|Any CPU
		{32406418-953A-41BB-BB96-892C9DCE9970}.Release|x86.ActiveCfg = Release|Any CPU
		{32406418-953A-41BB-BB96-892C9DCE9970}.Release|x86.Build.0 = Release|Any CPU
		{F0210FE0-4E3C-4858-9928-EB2424127D09}.Debug|Any CPU.ActiveCfg = Debug|Any CPU
		{F0210FE0-4E3C-4858-9928-EB2424127D09}.Debug|Any CPU.Build.0 = Debug|Any CPU
		{F0210FE0-4E3C-4858-9928-EB2424127D09}.Debug|x64.ActiveCfg = Debug|Any CPU
		{F0210FE0-4E3C-4858-9928-EB2424127D09}.Debug|x64.Build.0 = Debug|Any CPU
		{F0210FE0-4E3C-4858-9928-EB2424127D09}.Debug|x86.ActiveCfg = Debug|Any CPU
		{F0210FE0-4E3C-4858-9928-EB2424127D09}.Debug|x86.Build.0 = Debug|Any CPU
		{F0210FE0-4E3C-4858-9928-EB2424127D09}.Release|Any CPU.ActiveCfg = Release|Any CPU
		{F0210FE0-4E3C-4858-9928-EB2424127D09}.Release|Any CPU.Build.0 = Release|Any CPU
		{F0210FE0-4E3C-4858-9928-EB2424127D09}.Release|x64.ActiveCfg = Release|Any CPU
		{F0210FE0-4E3C-4858-9928-EB2424127D09}.Release|x64.Build.0 = Release|Any CPU
		{F0210FE0-4E3C-4858-9928-EB2424127D09}.Release|x86.ActiveCfg = Release|Any CPU
		{F0210FE0-4E3C-4858-9928-EB2424127D09}.Release|x86.Build.0 = Release|Any CPU
		{E68446D2-C696-4074-9296-65AD299D3F7A}.Debug|Any CPU.ActiveCfg = Debug|Any CPU
		{E68446D2-C696-4074-9296-65AD299D3F7A}.Debug|Any CPU.Build.0 = Debug|Any CPU
		{E68446D2-C696-4074-9296-65AD299D3F7A}.Debug|x64.ActiveCfg = Debug|Any CPU
		{E68446D2-C696-4074-9296-65AD299D3F7A}.Debug|x64.Build.0 = Debug|Any CPU
		{E68446D2-C696-4074-9296-65AD299D3F7A}.Debug|x86.ActiveCfg = Debug|Any CPU
		{E68446D2-C696-4074-9296-65AD299D3F7A}.Debug|x86.Build.0 = Debug|Any CPU
		{E68446D2-C696-4074-9296-65AD299D3F7A}.Release|Any CPU.ActiveCfg = Release|Any CPU
		{E68446D2-C696-4074-9296-65AD299D3F7A}.Release|Any CPU.Build.0 = Release|Any CPU
		{E68446D2-C696-4074-9296-65AD299D3F7A}.Release|x64.ActiveCfg = Release|Any CPU
		{E68446D2-C696-4074-9296-65AD299D3F7A}.Release|x64.Build.0 = Release|Any CPU
		{E68446D2-C696-4074-9296-65AD299D3F7A}.Release|x86.ActiveCfg = Release|Any CPU
		{E68446D2-C696-4074-9296-65AD299D3F7A}.Release|x86.Build.0 = Release|Any CPU
		{1163B0E1-4FD1-463F-A8F8-5AEF43C20C84}.Debug|Any CPU.ActiveCfg = Debug|Any CPU
		{1163B0E1-4FD1-463F-A8F8-5AEF43C20C84}.Debug|Any CPU.Build.0 = Debug|Any CPU
		{1163B0E1-4FD1-463F-A8F8-5AEF43C20C84}.Debug|x64.ActiveCfg = Debug|Any CPU
		{1163B0E1-4FD1-463F-A8F8-5AEF43C20C84}.Debug|x64.Build.0 = Debug|Any CPU
		{1163B0E1-4FD1-463F-A8F8-5AEF43C20C84}.Debug|x86.ActiveCfg = Debug|Any CPU
		{1163B0E1-4FD1-463F-A8F8-5AEF43C20C84}.Debug|x86.Build.0 = Debug|Any CPU
		{1163B0E1-4FD1-463F-A8F8-5AEF43C20C84}.Release|Any CPU.ActiveCfg = Release|Any CPU
		{1163B0E1-4FD1-463F-A8F8-5AEF43C20C84}.Release|Any CPU.Build.0 = Release|Any CPU
		{1163B0E1-4FD1-463F-A8F8-5AEF43C20C84}.Release|x64.ActiveCfg = Release|Any CPU
		{1163B0E1-4FD1-463F-A8F8-5AEF43C20C84}.Release|x64.Build.0 = Release|Any CPU
		{1163B0E1-4FD1-463F-A8F8-5AEF43C20C84}.Release|x86.ActiveCfg = Release|Any CPU
		{1163B0E1-4FD1-463F-A8F8-5AEF43C20C84}.Release|x86.Build.0 = Release|Any CPU
	EndGlobalSection
EndGlobal
